
Microsoft Visual Studio Solution File, Format Version 12.00
# Visual Studio Version 17
VisualStudioVersion = 17.14.36127.28
MinimumVisualStudioVersion = 10.0.40219.1
Project("{2150E333-8FDC-42A3-9474-1A3956D46DE8}") = "src", "src", "{01A3BD1A-5FB5-4DAC-8AE5-E04D052DAB13}"
EndProject
Project("{FAE04EC0-301F-11D3-BF4B-00C04F79EFBC}") = "AspnetRun.Infrastructure", "src\AspnetRun.Infrastructure\AspnetRun.Infrastructure.csproj", "{9C596DB1-1E31-D8F1-B7EB-5DBDB2E85AE8}"
EndProject
Project("{FAE04EC0-301F-11D3-BF4B-00C04F79EFBC}") = "AspnetRun.Application", "src\AspnetRun.Application\AspnetRun.Application.csproj", "{4C2A4883-391F-DF33-CAFE-1DF40FF0C21B}"
EndProject
Project("{FAE04EC0-301F-11D3-BF4B-00C04F79EFBC}") = "AspnetRun.Core", "src\AspnetRun.Core\AspnetRun.Core.csproj", "{82CBBF45-B74A-C981-111F-6E9F95CD85BA}"
EndProject
Project("{FAE04EC0-301F-11D3-BF4B-00C04F79EFBC}") = "AspnetRun.Web", "src\AspnetRun.Web\AspnetRun.Web.csproj", "{7BA412DD-C14D-A142-2284-D5BA5FC703D1}"
EndProject
Project("{FAE04EC0-301F-11D3-BF4B-00C04F79EFBC}") = "AspnetRun.Domain", "AspnetRun.Domain\AspnetRun.Domain.csproj", "{32128D5A-A38B-424C-9C32-27BA32058D36}"
EndProject
Project("{FAE04EC0-301F-11D3-BF4B-00C04F79EFBC}") = "AspnetRun.Shared", "AspnetRun.Shared\AspnetRun.Shared.csproj", "{52993456-D313-4198-8FFA-4B1991B60CEA}"
EndProject
Global
	GlobalSection(SolutionConfigurationPlatforms) = preSolution
		Debug|Any CPU = Debug|Any CPU
		Release|Any CPU = Release|Any CPU
	EndGlobalSection
	GlobalSection(ProjectConfigurationPlatforms) = postSolution
		{9C596DB1-1E31-D8F1-B7EB-5DBDB2E85AE8}.Debug|Any CPU.ActiveCfg = Debug|Any CPU
		{9C596DB1-1E31-D8F1-B7EB-5DBDB2E85AE8}.Debug|Any CPU.Build.0 = Debug|Any CPU
		{9C596DB1-1E31-D8F1-B7EB-5DBDB2E85AE8}.Release|Any CPU.ActiveCfg = Release|Any CPU
		{9C596DB1-1E31-D8F1-B7EB-5DBDB2E85AE8}.Release|Any CPU.Build.0 = Release|Any CPU
		{4C2A4883-391F-DF33-CAFE-1DF40FF0C21B}.Debug|Any CPU.ActiveCfg = Debug|Any CPU
		{4C2A4883-391F-DF33-CAFE-1DF40FF0C21B}.Debug|Any CPU.Build.0 = Debug|Any CPU
		{4C2A4883-391F-DF33-CAFE-1DF40FF0C21B}.Release|Any CPU.ActiveCfg = Release|Any CPU
		{4C2A4883-391F-DF33-CAFE-1DF40FF0C21B}.Release|Any CPU.Build.0 = Release|Any CPU
		{82CBBF45-B74A-C981-111F-6E9F95CD85BA}.Debug|Any CPU.ActiveCfg = Debug|Any CPU
		{82CBBF45-B74A-C981-111F-6E9F95CD85BA}.Debug|Any CPU.Build.0 = Debug|Any CPU
		{82CBBF45-B74A-C981-111F-6E9F95CD85BA}.Release|Any CPU.ActiveCfg = Release|Any CPU
		{82CBBF45-B74A-C981-111F-6E9F95CD85BA}.Release|Any CPU.Build.0 = Release|Any CPU
		{7BA412DD-C14D-A142-2284-D5BA5FC703D1}.Debug|Any CPU.ActiveCfg = Debug|Any CPU
		{7BA412DD-C14D-A142-2284-D5BA5FC703D1}.Debug|Any CPU.Build.0 = Debug|Any CPU
		{7BA412DD-C14D-A142-2284-D5BA5FC703D1}.Release|Any CPU.ActiveCfg = Release|Any CPU
		{7BA412DD-C14D-A142-2284-D5BA5FC703D1}.Release|Any CPU.Build.0 = Release|Any CPU
		{32128D5A-A38B-424C-9C32-27BA32058D36}.Debug|Any CPU.ActiveCfg = Debug|Any CPU
		{32128D5A-A38B-424C-9C32-27BA32058D36}.Debug|Any CPU.Build.0 = Debug|Any CPU
		{32128D5A-A38B-424C-9C32-27BA32058D36}.Release|Any CPU.ActiveCfg = Release|Any CPU
		{32128D5A-A38B-424C-9C32-27BA32058D36}.Release|Any CPU.Build.0 = Release|Any CPU
		{52993456-D313-4198-8FFA-4B1991B60CEA}.Debug|Any CPU.ActiveCfg = Debug|Any CPU
		{52993456-D313-4198-8FFA-4B1991B60CEA}.Debug|Any CPU.Build.0 = Debug|Any CPU
		{52993456-D313-4198-8FFA-4B1991B60CEA}.Release|Any CPU.ActiveCfg = Release|Any CPU
		{52993456-D313-4198-8FFA-4B1991B60CEA}.Release|Any CPU.Build.0 = Release|Any CPU
	EndGlobalSection
	GlobalSection(SolutionProperties) = preSolution
		HideSolutionNode = FALSE
	EndGlobalSection
	GlobalSection(NestedProjects) = preSolution
		{9C596DB1-1E31-D8F1-B7EB-5DBDB2E85AE8} = {01A3BD1A-5FB5-4DAC-8AE5-E04D052DAB13}
		{4C2A4883-391F-DF33-CAFE-1DF40FF0C21B} = {01A3BD1A-5FB5-4DAC-8AE5-E04D052DAB13}
		{82CBBF45-B74A-C981-111F-6E9F95CD85BA} = {01A3BD1A-5FB5-4DAC-8AE5-E04D052DAB13}
		{7BA412DD-C14D-A142-2284-D5BA5FC703D1} = {01A3BD1A-5FB5-4DAC-8AE5-E04D052DAB13}
		{32128D5A-A38B-424C-9C32-27BA32058D36} = {01A3BD1A-5FB5-4DAC-8AE5-E04D052DAB13}
		{52993456-D313-4198-8FFA-4B1991B60CEA} = {01A3BD1A-5FB5-4DAC-8AE5-E04D052DAB13}
	EndGlobalSection
	GlobalSection(ExtensibilityGlobals) = postSolution
		SolutionGuid = {B8BE9427-55CD-4306-809D-6512B49A7F30}
	EndGlobalSection
EndGlobal
